// !$*UTF8*$!
{
	archiveVersion = 1;
	classes = {
	};
	objectVersion = 46;
	objects = {

/* Begin PBXBuildFile section */
		790B9AC019F7A5D200CE9ADF /* RootViewController.swift in Sources */ = {isa = PBXBuildFile; fileRef = 790B9ABF19F7A5D200CE9ADF /* RootViewController.swift */; };
		790B9AC219F7A7D900CE9ADF /* RootTableViewCell.swift in Sources */ = {isa = PBXBuildFile; fileRef = 790B9AC119F7A7D900CE9ADF /* RootTableViewCell.swift */; };
		7975B49419F5F47200A9A94E /* ZNHttpRequest.swift in Sources */ = {isa = PBXBuildFile; fileRef = 7975B49319F5F47200A9A94E /* ZNHttpRequest.swift */; };
		7975B49919F6025B00A9A94E /* ZNHUDProgress.swift in Sources */ = {isa = PBXBuildFile; fileRef = 7975B49819F6025B00A9A94E /* ZNHUDProgress.swift */; };
		79A6419219F4E83200D498F0 /* AppDelegate.swift in Sources */ = {isa = PBXBuildFile; fileRef = 79A6419119F4E83200D498F0 /* AppDelegate.swift */; };
		79A6419719F4E83200D498F0 /* Main.storyboard in Resources */ = {isa = PBXBuildFile; fileRef = 79A6419519F4E83200D498F0 /* Main.storyboard */; };
		79A6419919F4E83200D498F0 /* Images.xcassets in Resources */ = {isa = PBXBuildFile; fileRef = 79A6419819F4E83200D498F0 /* Images.xcassets */; };
		79A6419C19F4E83200D498F0 /* LaunchScreen.xib in Resources */ = {isa = PBXBuildFile; fileRef = 79A6419A19F4E83200D498F0 /* LaunchScreen.xib */; };
		79A641A819F4E83200D498F0 /* SwiftZhiHuTests.swift in Sources */ = {isa = PBXBuildFile; fileRef = 79A641A719F4E83200D498F0 /* SwiftZhiHuTests.swift */; };
		79A7253619F7AC4100B22438 /* StoryModel.swift in Sources */ = {isa = PBXBuildFile; fileRef = 79A7253519F7AC4100B22438 /* StoryModel.swift */; };
		79F3058319F7879500064954 /* ZhiHuRequest.swift in Sources */ = {isa = PBXBuildFile; fileRef = 79F3058219F7879500064954 /* ZhiHuRequest.swift */; };
		79F3058519F78E9500064954 /* Constants.swift in Sources */ = {isa = PBXBuildFile; fileRef = 79F3058419F78E9500064954 /* Constants.swift */; };
/* End PBXBuildFile section */

/* Begin PBXContainerItemProxy section */
		79A641A219F4E83200D498F0 /* PBXContainerItemProxy */ = {
			isa = PBXContainerItemProxy;
			containerPortal = 79A6418419F4E83200D498F0 /* Project object */;
			proxyType = 1;
			remoteGlobalIDString = 79A6418B19F4E83200D498F0;
			remoteInfo = SwiftZhiHu;
		};
/* End PBXContainerItemProxy section */

/* Begin PBXFileReference section */
		790B9ABF19F7A5D200CE9ADF /* RootViewController.swift */ = {isa = PBXFileReference; fileEncoding = 4; lastKnownFileType = sourcecode.swift; path = RootViewController.swift; sourceTree = "<group>"; };
		790B9AC119F7A7D900CE9ADF /* RootTableViewCell.swift */ = {isa = PBXFileReference; fileEncoding = 4; lastKnownFileType = sourcecode.swift; path = RootTableViewCell.swift; sourceTree = "<group>"; };
		7975B49319F5F47200A9A94E /* ZNHttpRequest.swift */ = {isa = PBXFileReference; fileEncoding = 4; lastKnownFileType = sourcecode.swift; path = ZNHttpRequest.swift; sourceTree = "<group>"; };
		7975B49819F6025B00A9A94E /* ZNHUDProgress.swift */ = {isa = PBXFileReference; fileEncoding = 4; lastKnownFileType = sourcecode.swift; path = ZNHUDProgress.swift; sourceTree = "<group>"; };
		79A6418C19F4E83200D498F0 /* SwiftZhiHu.app */ = {isa = PBXFileReference; explicitFileType = wrapper.application; includeInIndex = 0; path = SwiftZhiHu.app; sourceTree = BUILT_PRODUCTS_DIR; };
		79A6419019F4E83200D498F0 /* Info.plist */ = {isa = PBXFileReference; lastKnownFileType = text.plist.xml; path = Info.plist; sourceTree = "<group>"; };
		79A6419119F4E83200D498F0 /* AppDelegate.swift */ = {isa = PBXFileReference; lastKnownFileType = sourcecode.swift; path = AppDelegate.swift; sourceTree = "<group>"; };
		79A6419619F4E83200D498F0 /* Base */ = {isa = PBXFileReference; lastKnownFileType = file.storyboard; name = Base; path = Base.lproj/Main.storyboard; sourceTree = "<group>"; };
		79A6419819F4E83200D498F0 /* Images.xcassets */ = {isa = PBXFileReference; lastKnownFileType = folder.assetcatalog; path = Images.xcassets; sourceTree = "<group>"; };
		79A6419B19F4E83200D498F0 /* Base */ = {isa = PBXFileReference; lastKnownFileType = file.xib; name = Base; path = Base.lproj/LaunchScreen.xib; sourceTree = "<group>"; };
		79A641A119F4E83200D498F0 /* SwiftZhiHuTests.xctest */ = {isa = PBXFileReference; explicitFileType = wrapper.cfbundle; includeInIndex = 0; path = SwiftZhiHuTests.xctest; sourceTree = BUILT_PRODUCTS_DIR; };
		79A641A619F4E83200D498F0 /* Info.plist */ = {isa = PBXFileReference; lastKnownFileType = text.plist.xml; path = Info.plist; sourceTree = "<group>"; };
		79A641A719F4E83200D498F0 /* SwiftZhiHuTests.swift */ = {isa = PBXFileReference; lastKnownFileType = sourcecode.swift; path = SwiftZhiHuTests.swift; sourceTree = "<group>"; };
		79A7253519F7AC4100B22438 /* StoryModel.swift */ = {isa = PBXFileReference; fileEncoding = 4; lastKnownFileType = sourcecode.swift; path = StoryModel.swift; sourceTree = "<group>"; };
		79F3058219F7879500064954 /* ZhiHuRequest.swift */ = {isa = PBXFileReference; fileEncoding = 4; lastKnownFileType = sourcecode.swift; path = ZhiHuRequest.swift; sourceTree = "<group>"; };
		79F3058419F78E9500064954 /* Constants.swift */ = {isa = PBXFileReference; fileEncoding = 4; lastKnownFileType = sourcecode.swift; path = Constants.swift; sourceTree = "<group>"; };
/* End PBXFileReference section */

/* Begin PBXFrameworksBuildPhase section */
		79A6418919F4E83200D498F0 /* Frameworks */ = {
			isa = PBXFrameworksBuildPhase;
			buildActionMask = 2147483647;
			files = (
			);
			runOnlyForDeploymentPostprocessing = 0;
		};
		79A6419E19F4E83200D498F0 /* Frameworks */ = {
			isa = PBXFrameworksBuildPhase;
			buildActionMask = 2147483647;
			files = (
			);
			runOnlyForDeploymentPostprocessing = 0;
		};
/* End PBXFrameworksBuildPhase section */

/* Begin PBXGroup section */
		7975B49219F5F43400A9A94E /* Vendor */ = {
			isa = PBXGroup;
			children = (
				7975B49319F5F47200A9A94E /* ZNHttpRequest.swift */,
				7975B49819F6025B00A9A94E /* ZNHUDProgress.swift */,
			);
			name = Vendor;
			sourceTree = "<group>";
		};
		7975B49519F5FC1100A9A94E /* Model */ = {
			isa = PBXGroup;
			children = (
				79F3058219F7879500064954 /* ZhiHuRequest.swift */,
				79F3058419F78E9500064954 /* Constants.swift */,
				79A7253519F7AC4100B22438 /* StoryModel.swift */,
			);
			name = Model;
			sourceTree = "<group>";
		};
		7975B49A19F632C700A9A94E /* Controller */ = {
			isa = PBXGroup;
			children = (
				790B9ABF19F7A5D200CE9ADF /* RootViewController.swift */,
			);
			name = Controller;
			sourceTree = "<group>";
		};
		7975B49F19F646A600A9A94E /* View */ = {
			isa = PBXGroup;
			children = (
				790B9AC119F7A7D900CE9ADF /* RootTableViewCell.swift */,
			);
			name = View;
			sourceTree = "<group>";
		};
		79A6418319F4E83200D498F0 = {
			isa = PBXGroup;
			children = (
				79A6418E19F4E83200D498F0 /* SwiftZhiHu */,
				79A641A419F4E83200D498F0 /* SwiftZhiHuTests */,
				79A6418D19F4E83200D498F0 /* Products */,
			);
			sourceTree = "<group>";
		};
		79A6418D19F4E83200D498F0 /* Products */ = {
			isa = PBXGroup;
			children = (
				79A6418C19F4E83200D498F0 /* SwiftZhiHu.app */,
				79A641A119F4E83200D498F0 /* SwiftZhiHuTests.xctest */,
			);
			name = Products;
			sourceTree = "<group>";
		};
		79A6418E19F4E83200D498F0 /* SwiftZhiHu */ = {
			isa = PBXGroup;
			children = (
				7975B49F19F646A600A9A94E /* View */,
				7975B49A19F632C700A9A94E /* Controller */,
				7975B49519F5FC1100A9A94E /* Model */,
				7975B49219F5F43400A9A94E /* Vendor */,
				79A6419119F4E83200D498F0 /* AppDelegate.swift */,
				79A6419519F4E83200D498F0 /* Main.storyboard */,
				79A6419819F4E83200D498F0 /* Images.xcassets */,
				79A6419A19F4E83200D498F0 /* LaunchScreen.xib */,
				79A6418F19F4E83200D498F0 /* Supporting Files */,
			);
			path = SwiftZhiHu;
			sourceTree = "<group>";
		};
		79A6418F19F4E83200D498F0 /* Supporting Files */ = {
			isa = PBXGroup;
			children = (
				79A6419019F4E83200D498F0 /* Info.plist */,
			);
			name = "Supporting Files";
			sourceTree = "<group>";
		};
		79A641A419F4E83200D498F0 /* SwiftZhiHuTests */ = {
			isa = PBXGroup;
			children = (
				79A641A719F4E83200D498F0 /* SwiftZhiHuTests.swift */,
				79A641A519F4E83200D498F0 /* Supporting Files */,
			);
			path = SwiftZhiHuTests;
			sourceTree = "<group>";
		};
		79A641A519F4E83200D498F0 /* Supporting Files */ = {
			isa = PBXGroup;
			children = (
				79A641A619F4E83200D498F0 /* Info.plist */,
			);
			name = "Supporting Files";
			sourceTree = "<group>";
		};
/* End PBXGroup section */

/* Begin PBXNativeTarget section */
		79A6418B19F4E83200D498F0 /* SwiftZhiHu */ = {
			isa = PBXNativeTarget;
			buildConfigurationList = 79A641AB19F4E83200D498F0 /* Build configuration list for PBXNativeTarget "SwiftZhiHu" */;
			buildPhases = (
				79A6418819F4E83200D498F0 /* Sources */,
				79A6418919F4E83200D498F0 /* Frameworks */,
				79A6418A19F4E83200D498F0 /* Resources */,
			);
			buildRules = (
			);
			dependencies = (
			);
			name = SwiftZhiHu;
			productName = SwiftZhiHu;
			productReference = 79A6418C19F4E83200D498F0 /* SwiftZhiHu.app */;
			productType = "com.apple.product-type.application";
		};
		79A641A019F4E83200D498F0 /* SwiftZhiHuTests */ = {
			isa = PBXNativeTarget;
			buildConfigurationList = 79A641AE19F4E83200D498F0 /* Build configuration list for PBXNativeTarget "SwiftZhiHuTests" */;
			buildPhases = (
				79A6419D19F4E83200D498F0 /* Sources */,
				79A6419E19F4E83200D498F0 /* Frameworks */,
				79A6419F19F4E83200D498F0 /* Resources */,
			);
			buildRules = (
			);
			dependencies = (
				79A641A319F4E83200D498F0 /* PBXTargetDependency */,
			);
			name = SwiftZhiHuTests;
			productName = SwiftZhiHuTests;
			productReference = 79A641A119F4E83200D498F0 /* SwiftZhiHuTests.xctest */;
			productType = "com.apple.product-type.bundle.unit-test";
		};
/* End PBXNativeTarget section */

/* Begin PBXProject section */
		79A6418419F4E83200D498F0 /* Project object */ = {
			isa = PBXProject;
			attributes = {
				LastUpgradeCheck = 0600;
				ORGANIZATIONNAME = lizhenning;
				TargetAttributes = {
					79A6418B19F4E83200D498F0 = {
						CreatedOnToolsVersion = 6.0.1;
					};
					79A641A019F4E83200D498F0 = {
						CreatedOnToolsVersion = 6.0.1;
						TestTargetID = 79A6418B19F4E83200D498F0;
					};
				};
			};
			buildConfigurationList = 79A6418719F4E83200D498F0 /* Build configuration list for PBXProject "SwiftZhiHu" */;
			compatibilityVersion = "Xcode 3.2";
			developmentRegion = English;
			hasScannedForEncodings = 0;
			knownRegions = (
				en,
				Base,
			);
			mainGroup = 79A6418319F4E83200D498F0;
			productRefGroup = 79A6418D19F4E83200D498F0 /* Products */;
			projectDirPath = "";
			projectRoot = "";
			targets = (
				79A6418B19F4E83200D498F0 /* SwiftZhiHu */,
				79A641A019F4E83200D498F0 /* SwiftZhiHuTests */,
			);
		};
/* End PBXProject section */

/* Begin PBXResourcesBuildPhase section */
		79A6418A19F4E83200D498F0 /* Resources */ = {
			isa = PBXResourcesBuildPhase;
			buildActionMask = 2147483647;
			files = (
				79A6419719F4E83200D498F0 /* Main.storyboard in Resources */,
				79A6419C19F4E83200D498F0 /* LaunchScreen.xib in Resources */,
				79A6419919F4E83200D498F0 /* Images.xcassets in Resources */,
			);
			runOnlyForDeploymentPostprocessing = 0;
		};
		79A6419F19F4E83200D498F0 /* Resources */ = {
			isa = PBXResourcesBuildPhase;
			buildActionMask = 2147483647;
			files = (
			);
			runOnlyForDeploymentPostprocessing = 0;
		};
/* End PBXResourcesBuildPhase section */

/* Begin PBXSourcesBuildPhase section */
		79A6418819F4E83200D498F0 /* Sources */ = {
			isa = PBXSourcesBuildPhase;
			buildActionMask = 2147483647;
			files = (
				79F3058319F7879500064954 /* ZhiHuRequest.swift in Sources */,
				790B9AC219F7A7D900CE9ADF /* RootTableViewCell.swift in Sources */,
				7975B49419F5F47200A9A94E /* ZNHttpRequest.swift in Sources */,
				790B9AC019F7A5D200CE9ADF /* RootViewController.swift in Sources */,
				79A6419219F4E83200D498F0 /* AppDelegate.swift in Sources */,
				79A7253619F7AC4100B22438 /* StoryModel.swift in Sources */,
				7975B49919F6025B00A9A94E /* ZNHUDProgress.swift in Sources */,
				79F3058519F78E9500064954 /* Constants.swift in Sources */,
			);
			runOnlyForDeploymentPostprocessing = 0;
		};
		79A6419D19F4E83200D498F0 /* Sources */ = {
			isa = PBXSourcesBuildPhase;
			buildActionMask = 2147483647;
			files = (
				79A641A819F4E83200D498F0 /* SwiftZhiHuTests.swift in Sources */,
			);
			runOnlyForDeploymentPostprocessing = 0;
		};
/* End PBXSourcesBuildPhase section */

/* Begin PBXTargetDependency section */
		79A641A319F4E83200D498F0 /* PBXTargetDependency */ = {
			isa = PBXTargetDependency;
			target = 79A6418B19F4E83200D498F0 /* SwiftZhiHu */;
			targetProxy = 79A641A219F4E83200D498F0 /* PBXContainerItemProxy */;
		};
/* End PBXTargetDependency section */

/* Begin PBXVariantGroup section */
		79A6419519F4E83200D498F0 /* Main.storyboard */ = {
			isa = PBXVariantGroup;
			children = (
				79A6419619F4E83200D498F0 /* Base */,
			);
			name = Main.storyboard;
			sourceTree = "<group>";
		};
		79A6419A19F4E83200D498F0 /* LaunchScreen.xib */ = {
			isa = PBXVariantGroup;
			children = (
				79A6419B19F4E83200D498F0 /* Base */,
			);
			name = LaunchScreen.xib;
			sourceTree = "<group>";
		};
/* End PBXVariantGroup section */

/* Begin XCBuildConfiguration section */
		79A641A919F4E83200D498F0 /* Debug */ = {
			isa = XCBuildConfiguration;
			buildSettings = {
				ALWAYS_SEARCH_USER_PATHS = NO;
				CLANG_CXX_LANGUAGE_STANDARD = "gnu++0x";
				CLANG_CXX_LIBRARY = "libc++";
				CLANG_ENABLE_MODULES = YES;
				CLANG_ENABLE_OBJC_ARC = YES;
				CLANG_WARN_BOOL_CONVERSION = YES;
				CLANG_WARN_CONSTANT_CONVERSION = YES;
				CLANG_WARN_DIRECT_OBJC_ISA_USAGE = YES_ERROR;
				CLANG_WARN_EMPTY_BODY = YES;
				CLANG_WARN_ENUM_CONVERSION = YES;
				CLANG_WARN_INT_CONVERSION = YES;
				CLANG_WARN_OBJC_ROOT_CLASS = YES_ERROR;
				CLANG_WARN_UNREACHABLE_CODE = YES;
				CLANG_WARN__DUPLICATE_METHOD_MATCH = YES;
				"CODE_SIGN_IDENTITY[sdk=iphoneos*]" = "iPhone Developer";
				COPY_PHASE_STRIP = NO;
				ENABLE_STRICT_OBJC_MSGSEND = YES;
				GCC_C_LANGUAGE_STANDARD = gnu99;
				GCC_DYNAMIC_NO_PIC = NO;
				GCC_OPTIMIZATION_LEVEL = 0;
				GCC_PREPROCESSOR_DEFINITIONS = (
					"DEBUG=1",
					"$(inherited)",
				);
				GCC_SYMBOLS_PRIVATE_EXTERN = NO;
				GCC_WARN_64_TO_32_BIT_CONVERSION = YES;
				GCC_WARN_ABOUT_RETURN_TYPE = YES_ERROR;
				GCC_WARN_UNDECLARED_SELECTOR = YES;
				GCC_WARN_UNINITIALIZED_AUTOS = YES_AGGRESSIVE;
				GCC_WARN_UNUSED_FUNCTION = YES;
				GCC_WARN_UNUSED_VARIABLE = YES;
				IPHONEOS_DEPLOYMENT_TARGET = 8.0;
				MTL_ENABLE_DEBUG_INFO = YES;
				ONLY_ACTIVE_ARCH = YES;
				SDKROOT = iphoneos;
				SWIFT_OPTIMIZATION_LEVEL = "-Onone";
			};
			name = Debug;
		};
		79A641AA19F4E83200D498F0 /* Release */ = {
			isa = XCBuildConfiguration;
			buildSettings = {
				ALWAYS_SEARCH_USER_PATHS = NO;
				CLANG_CXX_LANGUAGE_STANDARD = "gnu++0x";
				CLANG_CXX_LIBRARY = "libc++";
				CLANG_ENABLE_MODULES = YES;
				CLANG_ENABLE_OBJC_ARC = YES;
				CLANG_WARN_BOOL_CONVERSION = YES;
				CLANG_WARN_CONSTANT_CONVERSION = YES;
				CLANG_WARN_DIRECT_OBJC_ISA_USAGE = YES_ERROR;
				CLANG_WARN_EMPTY_BODY = YES;
				CLANG_WARN_ENUM_CONVERSION = YES;
				CLANG_WARN_INT_CONVERSION = YES;
				CLANG_WARN_OBJC_ROOT_CLASS = YES_ERROR;
				CLANG_WARN_UNREACHABLE_CODE = YES;
				CLANG_WARN__DUPLICATE_METHOD_MATCH = YES;
				"CODE_SIGN_IDENTITY[sdk=iphoneos*]" = "iPhone Developer";
				COPY_PHASE_STRIP = YES;
				ENABLE_NS_ASSERTIONS = NO;
				ENABLE_STRICT_OBJC_MSGSEND = YES;
				GCC_C_LANGUAGE_STANDARD = gnu99;
				GCC_WARN_64_TO_32_BIT_CONVERSION = YES;
				GCC_WARN_ABOUT_RETURN_TYPE = YES_ERROR;
				GCC_WARN_UNDECLARED_SELECTOR = YES;
				GCC_WARN_UNINITIALIZED_AUTOS = YES_AGGRESSIVE;
				GCC_WARN_UNUSED_FUNCTION = YES;
				GCC_WARN_UNUSED_VARIABLE = YES;
				IPHONEOS_DEPLOYMENT_TARGET = 8.0;
				MTL_ENABLE_DEBUG_INFO = NO;
				SDKROOT = iphoneos;
				VALIDATE_PRODUCT = YES;
			};
			name = Release;
		};
		79A641AC19F4E83200D498F0 /* Debug */ = {
			isa = XCBuildConfiguration;
			buildSettings = {
				ASSETCATALOG_COMPILER_APPICON_NAME = AppIcon;
				INFOPLIST_FILE = SwiftZhiHu/Info.plist;
				IPHONEOS_DEPLOYMENT_TARGET = 7.0;
				LD_RUNPATH_SEARCH_PATHS = "$(inherited) @executable_path/Frameworks";
				PRODUCT_NAME = "$(TARGET_NAME)";
			};
			name = Debug;
		};
		79A641AD19F4E83200D498F0 /* Release */ = {
			isa = XCBuildConfiguration;
			buildSettings = {
				ASSETCATALOG_COMPILER_APPICON_NAME = AppIcon;
				INFOPLIST_FILE = SwiftZhiHu/Info.plist;
				IPHONEOS_DEPLOYMENT_TARGET = 7.0;
				LD_RUNPATH_SEARCH_PATHS = "$(inherited) @executable_path/Frameworks";
				PRODUCT_NAME = "$(TARGET_NAME)";
			};
			name = Release;
		};
		79A641AF19F4E83200D498F0 /* Debug */ = {
			isa = XCBuildConfiguration;
			buildSettings = {
				BUNDLE_LOADER = "$(TEST_HOST)";
				FRAMEWORK_SEARCH_PATHS = (
					"$(SDKROOT)/Developer/Library/Frameworks",
					"$(inherited)",
				);
				GCC_PREPROCESSOR_DEFINITIONS = (
					"DEBUG=1",
					"$(inherited)",
				);
				INFOPLIST_FILE = SwiftZhiHuTests/Info.plist;
				LD_RUNPATH_SEARCH_PATHS = "$(inherited) @executable_path/Frameworks @loader_path/Frameworks";
				PRODUCT_NAME = "$(TARGET_NAME)";
				TEST_HOST = "$(BUILT_PRODUCTS_DIR)/SwiftZhiHu.app/SwiftZhiHu";
			};
			name = Debug;
		};
		79A641B019F4E83200D498F0 /* Release */ = {
			isa = XCBuildConfiguration;
			buildSettings = {
				BUNDLE_LOADER = "$(TEST_HOST)";
				FRAMEWORK_SEARCH_PATHS = (
					"$(SDKROOT)/Developer/Library/Frameworks",
					"$(inherited)",
				);
				INFOPLIST_FILE = SwiftZhiHuTests/Info.plist;
				LD_RUNPATH_SEARCH_PATHS = "$(inherited) @executable_path/Frameworks @loader_path/Frameworks";
				PRODUCT_NAME = "$(TARGET_NAME)";
				TEST_HOST = "$(BUILT_PRODUCTS_DIR)/SwiftZhiHu.app/SwiftZhiHu";
			};
			name = Release;
		};
/* End XCBuildConfiguration section */

/* Begin XCConfigurationList section */
		79A6418719F4E83200D498F0 /* Build configuration list for PBXProject "SwiftZhiHu" */ = {
			isa = XCConfigurationList;
			buildConfigurations = (
				79A641A919F4E83200D498F0 /* Debug */,
				79A641AA19F4E83200D498F0 /* Release */,
			);
			defaultConfigurationIsVisible = 0;
			defaultConfigurationName = Release;
		};
		79A641AB19F4E83200D498F0 /* Build configuration list for PBXNativeTarget "SwiftZhiHu" */ = {
			isa = XCConfigurationList;
			buildConfigurations = (
				79A641AC19F4E83200D498F0 /* Debug */,
				79A641AD19F4E83200D498F0 /* Release */,
			);
			defaultConfigurationIsVisible = 0;
			defaultConfigurationName = Release;
		};
		79A641AE19F4E83200D498F0 /* Build configuration list for PBXNativeTarget "SwiftZhiHuTests" */ = {
			isa = XCConfigurationList;
			buildConfigurations = (
				79A641AF19F4E83200D498F0 /* Debug */,
				79A641B019F4E83200D498F0 /* Release */,
			);
			defaultConfigurationIsVisible = 0;
			defaultConfigurationName = Release;
		};
/* End XCConfigurationList section */
	};
	rootObject = 79A6418419F4E83200D498F0 /* Project object */;
}
